
Microsoft Visual Studio Solution File, Format Version 12.00
# Visual Studio 15
VisualStudioVersion = 15.0.27130.2036
MinimumVisualStudioVersion = 10.0.40219.1
Project("{9A19103F-16F7-4668-BE54-9A1E7A4F7556}") = "api", "api\api.csproj", "{075A16DD-6B8F-41C8-BB21-F3C8748738AB}"
EndProject
Project("{9A19103F-16F7-4668-BE54-9A1E7A4F7556}") = "Service", "Service\Service.csproj", "{B140CA56-1737-4ED7-ADD7-BADE7A775898}"
EndProject
Project("{9A19103F-16F7-4668-BE54-9A1E7A4F7556}") = "Model", "Model\Model.csproj", "{DE2BE3C8-F7A7-46A5-B472-31C992558B9E}"
EndProject
Project("{9A19103F-16F7-4668-BE54-9A1E7A4F7556}") = "Persistence", "Persistence\Persistence.csproj", "{6787B925-5900-4E7D-8542-364090D7DE00}"
EndProject
Global
	GlobalSection(SolutionConfigurationPlatforms) = preSolution
		Debug|Any CPU = Debug|Any CPU
		Release|Any CPU = Release|Any CPU
	EndGlobalSection
	GlobalSection(ProjectConfigurationPlatforms) = postSolution
		{075A16DD-6B8F-41C8-BB21-F3C8748738AB}.Debug|Any CPU.ActiveCfg = Debug|Any CPU
		{075A16DD-6B8F-41C8-BB21-F3C8748738AB}.Debug|Any CPU.Build.0 = Debug|Any CPU
		{075A16DD-6B8F-41C8-BB21-F3C8748738AB}.Release|Any CPU.ActiveCfg = Release|Any CPU
		{075A16DD-6B8F-41C8-BB21-F3C8748738AB}.Release|Any CPU.Build.0 = Release|Any CPU
		{B140CA56-1737-4ED7-ADD7-BADE7A775898}.Debug|Any CPU.ActiveCfg = Debug|Any CPU
		{B140CA56-1737-4ED7-ADD7-BADE7A775898}.Debug|Any CPU.Build.0 = Debug|Any CPU
		{B140CA56-1737-4ED7-ADD7-BADE7A775898}.Release|Any CPU.ActiveCfg = Release|Any CPU
		{B140CA56-1737-4ED7-ADD7-BADE7A775898}.Release|Any CPU.Build.0 = Release|Any CPU
		{DE2BE3C8-F7A7-46A5-B472-31C992558B9E}.Debug|Any CPU.ActiveCfg = Debug|Any CPU
		{DE2BE3C8-F7A7-46A5-B472-31C992558B9E}.Debug|Any CPU.Build.0 = Debug|Any CPU
		{DE2BE3C8-F7A7-46A5-B472-31C992558B9E}.Release|Any CPU.ActiveCfg = Release|Any CPU
		{DE2BE3C8-F7A7-46A5-B472-31C992558B9E}.Release|Any CPU.Build.0 = Release|Any CPU
		{6787B925-5900-4E7D-8542-364090D7DE00}.Debug|Any CPU.ActiveCfg = Debug|Any CPU
		{6787B925-5900-4E7D-8542-364090D7DE00}.Debug|Any CPU.Build.0 = Debug|Any CPU
		{6787B925-5900-4E7D-8542-364090D7DE00}.Release|Any CPU.ActiveCfg = Release|Any CPU
		{6787B925-5900-4E7D-8542-364090D7DE00}.Release|Any CPU.Build.0 = Release|Any CPU
	EndGlobalSection
	GlobalSection(SolutionProperties) = preSolution
		HideSolutionNode = FALSE
	EndGlobalSection
	GlobalSection(ExtensibilityGlobals) = postSolution
		SolutionGuid = {53A65B13-FAB8-4249-88BA-F7D9D435BA5F}
	EndGlobalSection
EndGlobal
